
Microsoft Visual Studio Solution File, Format Version 12.00
# Visual Studio Version 17
VisualStudioVersion = 17.0.31825.309
MinimumVisualStudioVersion = 10.0.40219.1
Project("{F184B08F-C81C-45F6-A57F-5ABD9991F28F}") = "AplicativoCadastroUsuario", "AplicativoCadastroUsuario\AplicativoCadastroUsuario.vbproj", "{127F1476-8159-4752-A8F2-ECEAE3F343AD}"
EndProject
Global
	GlobalSection(SolutionConfigurationPlatforms) = preSolution
		Debug|Any CPU = Debug|Any CPU
		Release|Any CPU = Release|Any CPU
	EndGlobalSection
	GlobalSection(ProjectConfigurationPlatforms) = postSolution
		{127F1476-8159-4752-A8F2-ECEAE3F343AD}.Debug|Any CPU.ActiveCfg = Debug|Any CPU
		{127F1476-8159-4752-A8F2-ECEAE3F343AD}.Debug|Any CPU.Build.0 = Debug|Any CPU
		{127F1476-8159-4752-A8F2-ECEAE3F343AD}.Release|Any CPU.ActiveCfg = Release|Any CPU
		{127F1476-8159-4752-A8F2-ECEAE3F343AD}.Release|Any CPU.Build.0 = Release|Any CPU
	EndGlobalSection
	GlobalSection(SolutionProperties) = preSolution
		HideSolutionNode = FALSE
	EndGlobalSection
	GlobalSection(ExtensibilityGlobals) = postSolution
		SolutionGuid = {AFFEB156-94A2-4CF7-8EF1-079515EE184E}
	EndGlobalSection
EndGlobal
